
Microsoft Visual Studio Solution File, Format Version 12.00
# Visual Studio Version 17
VisualStudioVersion = 17.9.34723.18
MinimumVisualStudioVersion = 10.0.40219.1
Project("{FAE04EC0-301F-11D3-BF4B-00C04F79EFBC}") = "Ejercicio 1 de estructura repetitivas While", "Ejercicio 1 de estructura repetitivas While\Ejercicio 1 de estructura repetitivas While.csproj", "{15D171FD-CAA5-43D2-B4C4-31A0F4406AA5}"
EndProject
Global
	GlobalSection(SolutionConfigurationPlatforms) = preSolution
		Debug|Any CPU = Debug|Any CPU
		Release|Any CPU = Release|Any CPU
	EndGlobalSection
	GlobalSection(ProjectConfigurationPlatforms) = postSolution
		{15D171FD-CAA5-43D2-B4C4-31A0F4406AA5}.Debug|Any CPU.ActiveCfg = Debug|Any CPU
		{15D171FD-CAA5-43D2-B4C4-31A0F4406AA5}.Debug|Any CPU.Build.0 = Debug|Any CPU
		{15D171FD-CAA5-43D2-B4C4-31A0F4406AA5}.Release|Any CPU.ActiveCfg = Release|Any CPU
		{15D171FD-CAA5-43D2-B4C4-31A0F4406AA5}.Release|Any CPU.Build.0 = Release|Any CPU
	EndGlobalSection
	GlobalSection(SolutionProperties) = preSolution
		HideSolutionNode = FALSE
	EndGlobalSection
	GlobalSection(ExtensibilityGlobals) = postSolution
		SolutionGuid = {3A89937D-693E-4A75-B60E-1A46F7B3B43E}
	EndGlobalSection
EndGlobal
