
Microsoft Visual Studio Solution File, Format Version 12.00
# Visual Studio Version 17
VisualStudioVersion = 17.9.34723.18
MinimumVisualStudioVersion = 10.0.40219.1
Project("{FAE04EC0-301F-11D3-BF4B-00C04F79EFBC}") = "Ejercicio 4 de estructura repetitiva PARA", "Ejercicio 4 de estructura repetitiva PARA\Ejercicio 4 de estructura repetitiva PARA.csproj", "{216AEF7C-41B1-477C-8AD3-9A5A3B5EEDBE}"
EndProject
Global
	GlobalSection(SolutionConfigurationPlatforms) = preSolution
		Debug|Any CPU = Debug|Any CPU
		Release|Any CPU = Release|Any CPU
	EndGlobalSection
	GlobalSection(ProjectConfigurationPlatforms) = postSolution
		{216AEF7C-41B1-477C-8AD3-9A5A3B5EEDBE}.Debug|Any CPU.ActiveCfg = Debug|Any CPU
		{216AEF7C-41B1-477C-8AD3-9A5A3B5EEDBE}.Debug|Any CPU.Build.0 = Debug|Any CPU
		{216AEF7C-41B1-477C-8AD3-9A5A3B5EEDBE}.Release|Any CPU.ActiveCfg = Release|Any CPU
		{216AEF7C-41B1-477C-8AD3-9A5A3B5EEDBE}.Release|Any CPU.Build.0 = Release|Any CPU
	EndGlobalSection
	GlobalSection(SolutionProperties) = preSolution
		HideSolutionNode = FALSE
	EndGlobalSection
	GlobalSection(ExtensibilityGlobals) = postSolution
		SolutionGuid = {5C5CBAD4-353D-4BF8-AC25-C588D67B7C3F}
	EndGlobalSection
EndGlobal
