
Microsoft Visual Studio Solution File, Format Version 12.00
# Visual Studio Version 17
VisualStudioVersion = 17.9.34723.18
MinimumVisualStudioVersion = 10.0.40219.1
Project("{FAE04EC0-301F-11D3-BF4B-00C04F79EFBC}") = "Ejercicio 4 de estructura repetitiva WHILE", "Ejercicio 4 de estructura repetitiva WHILE\Ejercicio 4 de estructura repetitiva WHILE.csproj", "{ECCAD723-26F6-4FEC-B53E-2A0CFA753C4F}"
EndProject
Global
	GlobalSection(SolutionConfigurationPlatforms) = preSolution
		Debug|Any CPU = Debug|Any CPU
		Release|Any CPU = Release|Any CPU
	EndGlobalSection
	GlobalSection(ProjectConfigurationPlatforms) = postSolution
		{ECCAD723-26F6-4FEC-B53E-2A0CFA753C4F}.Debug|Any CPU.ActiveCfg = Debug|Any CPU
		{ECCAD723-26F6-4FEC-B53E-2A0CFA753C4F}.Debug|Any CPU.Build.0 = Debug|Any CPU
		{ECCAD723-26F6-4FEC-B53E-2A0CFA753C4F}.Release|Any CPU.ActiveCfg = Release|Any CPU
		{ECCAD723-26F6-4FEC-B53E-2A0CFA753C4F}.Release|Any CPU.Build.0 = Release|Any CPU
	EndGlobalSection
	GlobalSection(SolutionProperties) = preSolution
		HideSolutionNode = FALSE
	EndGlobalSection
	GlobalSection(ExtensibilityGlobals) = postSolution
		SolutionGuid = {A03F24E4-E683-4891-81B0-4922482786A1}
	EndGlobalSection
EndGlobal
