
Microsoft Visual Studio Solution File, Format Version 12.00
# Visual Studio Version 17
VisualStudioVersion = 17.9.34723.18
MinimumVisualStudioVersion = 10.0.40219.1
Project("{FAE04EC0-301F-11D3-BF4B-00C04F79EFBC}") = "Parcial 3", "Parcial 3\Parcial 3.csproj", "{4E666A39-CAC8-45AA-B932-98738D49CA58}"
EndProject
Project("{FAE04EC0-301F-11D3-BF4B-00C04F79EFBC}") = "DATOS", "DATOS\DATOS.csproj", "{17A76D7B-84B9-4F9E-A2FF-5DDF0DB197FD}"
EndProject
Project("{FAE04EC0-301F-11D3-BF4B-00C04F79EFBC}") = "Entities", "ENTIDADES\Entities.csproj", "{F2A34FE0-B200-4080-B60C-4A21D3278C5E}"
EndProject
Project("{FAE04EC0-301F-11D3-BF4B-00C04F79EFBC}") = "LOGICA", "LOGICA\LOGICA.csproj", "{5A7EA232-C75A-4796-B2CE-A7ADEA2E4298}"
EndProject
Global
	GlobalSection(SolutionConfigurationPlatforms) = preSolution
		Debug|Any CPU = Debug|Any CPU
		Release|Any CPU = Release|Any CPU
	EndGlobalSection
	GlobalSection(ProjectConfigurationPlatforms) = postSolution
		{4E666A39-CAC8-45AA-B932-98738D49CA58}.Debug|Any CPU.ActiveCfg = Debug|Any CPU
		{4E666A39-CAC8-45AA-B932-98738D49CA58}.Debug|Any CPU.Build.0 = Debug|Any CPU
		{4E666A39-CAC8-45AA-B932-98738D49CA58}.Release|Any CPU.ActiveCfg = Release|Any CPU
		{4E666A39-CAC8-45AA-B932-98738D49CA58}.Release|Any CPU.Build.0 = Release|Any CPU
		{17A76D7B-84B9-4F9E-A2FF-5DDF0DB197FD}.Debug|Any CPU.ActiveCfg = Debug|Any CPU
		{17A76D7B-84B9-4F9E-A2FF-5DDF0DB197FD}.Debug|Any CPU.Build.0 = Debug|Any CPU
		{17A76D7B-84B9-4F9E-A2FF-5DDF0DB197FD}.Release|Any CPU.ActiveCfg = Release|Any CPU
		{17A76D7B-84B9-4F9E-A2FF-5DDF0DB197FD}.Release|Any CPU.Build.0 = Release|Any CPU
		{F2A34FE0-B200-4080-B60C-4A21D3278C5E}.Debug|Any CPU.ActiveCfg = Debug|Any CPU
		{F2A34FE0-B200-4080-B60C-4A21D3278C5E}.Debug|Any CPU.Build.0 = Debug|Any CPU
		{F2A34FE0-B200-4080-B60C-4A21D3278C5E}.Release|Any CPU.ActiveCfg = Release|Any CPU
		{F2A34FE0-B200-4080-B60C-4A21D3278C5E}.Release|Any CPU.Build.0 = Release|Any CPU
		{5A7EA232-C75A-4796-B2CE-A7ADEA2E4298}.Debug|Any CPU.ActiveCfg = Debug|Any CPU
		{5A7EA232-C75A-4796-B2CE-A7ADEA2E4298}.Debug|Any CPU.Build.0 = Debug|Any CPU
		{5A7EA232-C75A-4796-B2CE-A7ADEA2E4298}.Release|Any CPU.ActiveCfg = Release|Any CPU
		{5A7EA232-C75A-4796-B2CE-A7ADEA2E4298}.Release|Any CPU.Build.0 = Release|Any CPU
	EndGlobalSection
	GlobalSection(SolutionProperties) = preSolution
		HideSolutionNode = FALSE
	EndGlobalSection
	GlobalSection(ExtensibilityGlobals) = postSolution
		SolutionGuid = {564F40BB-E305-4976-8510-360A4807C3B3}
	EndGlobalSection
EndGlobal
