
Microsoft Visual Studio Solution File, Format Version 12.00
# Visual Studio Version 17
VisualStudioVersion = 17.9.34723.18
MinimumVisualStudioVersion = 10.0.40219.1
Project("{FAE04EC0-301F-11D3-BF4B-00C04F79EFBC}") = "Ejercicio de estructura repititivas WHILE", "Ejercicio de estructura repititivas WHILE\Ejercicio de estructura repititivas WHILE.csproj", "{FAB5AA18-D3CA-48D2-9B2B-4D94BB43EEA1}"
EndProject
Global
	GlobalSection(SolutionConfigurationPlatforms) = preSolution
		Debug|Any CPU = Debug|Any CPU
		Release|Any CPU = Release|Any CPU
	EndGlobalSection
	GlobalSection(ProjectConfigurationPlatforms) = postSolution
		{FAB5AA18-D3CA-48D2-9B2B-4D94BB43EEA1}.Debug|Any CPU.ActiveCfg = Debug|Any CPU
		{FAB5AA18-D3CA-48D2-9B2B-4D94BB43EEA1}.Debug|Any CPU.Build.0 = Debug|Any CPU
		{FAB5AA18-D3CA-48D2-9B2B-4D94BB43EEA1}.Release|Any CPU.ActiveCfg = Release|Any CPU
		{FAB5AA18-D3CA-48D2-9B2B-4D94BB43EEA1}.Release|Any CPU.Build.0 = Release|Any CPU
	EndGlobalSection
	GlobalSection(SolutionProperties) = preSolution
		HideSolutionNode = FALSE
	EndGlobalSection
	GlobalSection(ExtensibilityGlobals) = postSolution
		SolutionGuid = {6680F7B6-2575-4729-BFF2-E734B437547D}
	EndGlobalSection
EndGlobal
